
Microsoft Visual Studio Solution File, Format Version 12.00
# Visual Studio Version 17
VisualStudioVersion = 17.7.34031.279
MinimumVisualStudioVersion = 10.0.40219.1
Project("{FAE04EC0-301F-11D3-BF4B-00C04F79EFBC}") = "ToDoApp", "ToDoApp.csproj", "{6FC879F4-4A7F-44B7-95B6-05805334800D}"
EndProject
Global
	GlobalSection(SolutionConfigurationPlatforms) = preSolution
		Debug|Any CPU = Debug|Any CPU
		Release|Any CPU = Release|Any CPU
	EndGlobalSection
	GlobalSection(ProjectConfigurationPlatforms) = postSolution
		{6FC879F4-4A7F-44B7-95B6-05805334800D}.Debug|Any CPU.ActiveCfg = Debug|Any CPU
		{6FC879F4-4A7F-44B7-95B6-05805334800D}.Debug|Any CPU.Build.0 = Debug|Any CPU
		{6FC879F4-4A7F-44B7-95B6-05805334800D}.Release|Any CPU.ActiveCfg = Release|Any CPU
		{6FC879F4-4A7F-44B7-95B6-05805334800D}.Release|Any CPU.Build.0 = Release|Any CPU
	EndGlobalSection
	GlobalSection(SolutionProperties) = preSolution
		HideSolutionNode = FALSE
	EndGlobalSection
	GlobalSection(ExtensibilityGlobals) = postSolution
		SolutionGuid = {3670633F-0A82-4836-85AD-9D223E4D6DD0}
	EndGlobalSection
EndGlobal
